// !$*UTF8*$!
{
	archiveVersion = 1;
	classes = {
	};
	objectVersion = 56;
	objects = {

/* Begin PBXBuildFile section */
		D5219E492E2A73BD008ADFF4 /* HaptiQ_Icon.icon in Resources */ = {isa = PBXBuildFile; fileRef = D5219E482E2A73BD008ADFF4 /* HaptiQ_Icon.icon */; };
		D526CF752E2A58D90057A4C3 /* ShareSheet.swift in Sources */ = {isa = PBXBuildFile; fileRef = D526CF742E2A58D90057A4C3 /* ShareSheet.swift */; };
		D526CF792E2A648F0057A4C3 /* HapticsEvent.swift in Sources */ = {isa = PBXBuildFile; fileRef = D526CF782E2A648F0057A4C3 /* HapticsEvent.swift */; };
		D526CF7B2E2A65780057A4C3 /* ContentViewModel.swift in Sources */ = {isa = PBXBuildFile; fileRef = D526CF7A2E2A65780057A4C3 /* ContentViewModel.swift */; };
		D526CF7D2E2A67A70057A4C3 /* PatternGraphView.swift in Sources */ = {isa = PBXBuildFile; fileRef = D526CF7C2E2A67A70057A4C3 /* PatternGraphView.swift */; };
		D534A0B42E2BBC3000853E29 /* AHAPPatternDTO.swift in Sources */ = {isa = PBXBuildFile; fileRef = D534A0B32E2BBC3000853E29 /* AHAPPatternDTO.swift */; };
		D5F153402BC4F47C0059AACE /* HaptiqApp.swift in Sources */ = {isa = PBXBuildFile; fileRef = D5F1533F2BC4F47C0059AACE /* HaptiqApp.swift */; };
		D5F153422BC4F47C0059AACE /* ContentView.swift in Sources */ = {isa = PBXBuildFile; fileRef = D5F153412BC4F47C0059AACE /* ContentView.swift */; };
		D5F153442BC4F47E0059AACE /* Assets.xcassets in Resources */ = {isa = PBXBuildFile; fileRef = D5F153432BC4F47E0059AACE /* Assets.xcassets */; };
		D5F153472BC4F47E0059AACE /* Preview Assets.xcassets in Resources */ = {isa = PBXBuildFile; fileRef = D5F153462BC4F47E0059AACE /* Preview Assets.xcassets */; };
		D5F1534E2BC4F5480059AACE /* UIFeedbackManager.swift in Sources */ = {isa = PBXBuildFile; fileRef = D5F1534D2BC4F5480059AACE /* UIFeedbackManager.swift */; };
/* End PBXBuildFile section */

/* Begin PBXFileReference section */
		D5219E482E2A73BD008ADFF4 /* HaptiQ_Icon.icon */ = {isa = PBXFileReference; lastKnownFileType = folder.iconcomposer.icon; path = HaptiQ_Icon.icon; sourceTree = "<group>"; };
		D526CF742E2A58D90057A4C3 /* ShareSheet.swift */ = {isa = PBXFileReference; lastKnownFileType = sourcecode.swift; path = ShareSheet.swift; sourceTree = "<group>"; };
		D526CF782E2A648F0057A4C3 /* HapticsEvent.swift */ = {isa = PBXFileReference; lastKnownFileType = sourcecode.swift; path = HapticsEvent.swift; sourceTree = "<group>"; };
		D526CF7A2E2A65780057A4C3 /* ContentViewModel.swift */ = {isa = PBXFileReference; lastKnownFileType = sourcecode.swift; path = ContentViewModel.swift; sourceTree = "<group>"; };
		D526CF7C2E2A67A70057A4C3 /* PatternGraphView.swift */ = {isa = PBXFileReference; lastKnownFileType = sourcecode.swift; path = PatternGraphView.swift; sourceTree = "<group>"; };
		D534A0B32E2BBC3000853E29 /* AHAPPatternDTO.swift */ = {isa = PBXFileReference; lastKnownFileType = sourcecode.swift; path = AHAPPatternDTO.swift; sourceTree = "<group>"; };
		D5F1533C2BC4F47C0059AACE /* Haptiq.app */ = {isa = PBXFileReference; explicitFileType = wrapper.application; includeInIndex = 0; path = Haptiq.app; sourceTree = BUILT_PRODUCTS_DIR; };
		D5F1533F2BC4F47C0059AACE /* HaptiqApp.swift */ = {isa = PBXFileReference; lastKnownFileType = sourcecode.swift; path = HaptiqApp.swift; sourceTree = "<group>"; };
		D5F153412BC4F47C0059AACE /* ContentView.swift */ = {isa = PBXFileReference; lastKnownFileType = sourcecode.swift; path = ContentView.swift; sourceTree = "<group>"; };
		D5F153432BC4F47E0059AACE /* Assets.xcassets */ = {isa = PBXFileReference; lastKnownFileType = folder.assetcatalog; path = Assets.xcassets; sourceTree = "<group>"; };
		D5F153462BC4F47E0059AACE /* Preview Assets.xcassets */ = {isa = PBXFileReference; lastKnownFileType = folder.assetcatalog; path = "Preview Assets.xcassets"; sourceTree = "<group>"; };
		D5F1534D2BC4F5480059AACE /* UIFeedbackManager.swift */ = {isa = PBXFileReference; fileEncoding = 4; lastKnownFileType = sourcecode.swift; path = UIFeedbackManager.swift; sourceTree = "<group>"; };
/* End PBXFileReference section */

/* Begin PBXFrameworksBuildPhase section */
		D5F153392BC4F47C0059AACE /* Frameworks */ = {
			isa = PBXFrameworksBuildPhase;
			buildActionMask = 2147483647;
			files = (
			);
			runOnlyForDeploymentPostprocessing = 0;
		};
/* End PBXFrameworksBuildPhase section */

/* Begin PBXGroup section */
		D5F153332BC4F47B0059AACE = {
			isa = PBXGroup;
			children = (
				D5F1533E2BC4F47C0059AACE /* Haptiq */,
				D5F1533D2BC4F47C0059AACE /* Products */,
			);
			sourceTree = "<group>";
		};
		D5F1533D2BC4F47C0059AACE /* Products */ = {
			isa = PBXGroup;
			children = (
				D5F1533C2BC4F47C0059AACE /* Haptiq.app */,
			);
			name = Products;
			sourceTree = "<group>";
		};
		D5F1533E2BC4F47C0059AACE /* Haptiq */ = {
			isa = PBXGroup;
			children = (
				D5F1533F2BC4F47C0059AACE /* HaptiqApp.swift */,
				D5F1534D2BC4F5480059AACE /* UIFeedbackManager.swift */,
				D526CF782E2A648F0057A4C3 /* HapticsEvent.swift */,
				D526CF7A2E2A65780057A4C3 /* ContentViewModel.swift */,
				D5F153412BC4F47C0059AACE /* ContentView.swift */,
				D534A0B32E2BBC3000853E29 /* AHAPPatternDTO.swift */,
				D526CF742E2A58D90057A4C3 /* ShareSheet.swift */,
				D5F153432BC4F47E0059AACE /* Assets.xcassets */,
				D5219E482E2A73BD008ADFF4 /* HaptiQ_Icon.icon */,
				D5F153452BC4F47E0059AACE /* Preview Content */,
				D526CF7C2E2A67A70057A4C3 /* PatternGraphView.swift */,
			);
			path = Haptiq;
			sourceTree = "<group>";
		};
		D5F153452BC4F47E0059AACE /* Preview Content */ = {
			isa = PBXGroup;
			children = (
				D5F153462BC4F47E0059AACE /* Preview Assets.xcassets */,
			);
			path = "Preview Content";
			sourceTree = "<group>";
		};
/* End PBXGroup section */

/* Begin PBXNativeTarget section */
		D5F1533B2BC4F47C0059AACE /* Haptiq */ = {
			isa = PBXNativeTarget;
			buildConfigurationList = D5F1534A2BC4F47E0059AACE /* Build configuration list for PBXNativeTarget "Haptiq" */;
			buildPhases = (
				D5F153382BC4F47C0059AACE /* Sources */,
				D5F153392BC4F47C0059AACE /* Frameworks */,
				D5F1533A2BC4F47C0059AACE /* Resources */,
			);
			buildRules = (
			);
			dependencies = (
			);
			name = Haptiq;
			productName = AHAP;
			productReference = D5F1533C2BC4F47C0059AACE /* Haptiq.app */;
			productType = "com.apple.product-type.application";
		};
/* End PBXNativeTarget section */

/* Begin PBXProject section */
		D5F153342BC4F47B0059AACE /* Project object */ = {
			isa = PBXProject;
			attributes = {
				BuildIndependentTargetsInParallel = 1;
				LastSwiftUpdateCheck = 1530;
				LastUpgradeCheck = 2600;
				TargetAttributes = {
					D5F1533B2BC4F47C0059AACE = {
						CreatedOnToolsVersion = 15.3;
					};
				};
			};
			buildConfigurationList = D5F153372BC4F47B0059AACE /* Build configuration list for PBXProject "Haptiq" */;
			compatibilityVersion = "Xcode 14.0";
			developmentRegion = en;
			hasScannedForEncodings = 0;
			knownRegions = (
				en,
				Base,
			);
			mainGroup = D5F153332BC4F47B0059AACE;
			productRefGroup = D5F1533D2BC4F47C0059AACE /* Products */;
			projectDirPath = "";
			projectRoot = "";
			targets = (
				D5F1533B2BC4F47C0059AACE /* Haptiq */,
			);
		};
/* End PBXProject section */

/* Begin PBXResourcesBuildPhase section */
		D5F1533A2BC4F47C0059AACE /* Resources */ = {
			isa = PBXResourcesBuildPhase;
			buildActionMask = 2147483647;
			files = (
				D5219E492E2A73BD008ADFF4 /* HaptiQ_Icon.icon in Resources */,
				D5F153472BC4F47E0059AACE /* Preview Assets.xcassets in Resources */,
				D5F153442BC4F47E0059AACE /* Assets.xcassets in Resources */,
			);
			runOnlyForDeploymentPostprocessing = 0;
		};
/* End PBXResourcesBuildPhase section */

/* Begin PBXSourcesBuildPhase section */
		D5F153382BC4F47C0059AACE /* Sources */ = {
			isa = PBXSourcesBuildPhase;
			buildActionMask = 2147483647;
			files = (
				D5F1534E2BC4F5480059AACE /* UIFeedbackManager.swift in Sources */,
				D5F153422BC4F47C0059AACE /* ContentView.swift in Sources */,
				D526CF7B2E2A65780057A4C3 /* ContentViewModel.swift in Sources */,
				D526CF792E2A648F0057A4C3 /* HapticsEvent.swift in Sources */,
				D534A0B42E2BBC3000853E29 /* AHAPPatternDTO.swift in Sources */,
				D526CF7D2E2A67A70057A4C3 /* PatternGraphView.swift in Sources */,
				D5F153402BC4F47C0059AACE /* HaptiqApp.swift in Sources */,
				D526CF752E2A58D90057A4C3 /* ShareSheet.swift in Sources */,
			);
			runOnlyForDeploymentPostprocessing = 0;
		};
/* End PBXSourcesBuildPhase section */

/* Begin XCBuildConfiguration section */
		D5F153482BC4F47E0059AACE /* Debug */ = {
			isa = XCBuildConfiguration;
			buildSettings = {
				ALWAYS_SEARCH_USER_PATHS = NO;
				ASSETCATALOG_COMPILER_GENERATE_SWIFT_ASSET_SYMBOL_EXTENSIONS = YES;
				CLANG_ANALYZER_NONNULL = YES;
				CLANG_ANALYZER_NUMBER_OBJECT_CONVERSION = YES_AGGRESSIVE;
				CLANG_CXX_LANGUAGE_STANDARD = "gnu++20";
				CLANG_ENABLE_MODULES = YES;
				CLANG_ENABLE_OBJC_ARC = YES;
				CLANG_ENABLE_OBJC_WEAK = YES;
				CLANG_WARN_BLOCK_CAPTURE_AUTORELEASING = YES;
				CLANG_WARN_BOOL_CONVERSION = YES;
				CLANG_WARN_COMMA = YES;
				CLANG_WARN_CONSTANT_CONVERSION = YES;
				CLANG_WARN_DEPRECATED_OBJC_IMPLEMENTATIONS = YES;
				CLANG_WARN_DIRECT_OBJC_ISA_USAGE = YES_ERROR;
				CLANG_WARN_DOCUMENTATION_COMMENTS = YES;
				CLANG_WARN_EMPTY_BODY = YES;
				CLANG_WARN_ENUM_CONVERSION = YES;
				CLANG_WARN_INFINITE_RECURSION = YES;
				CLANG_WARN_INT_CONVERSION = YES;
				CLANG_WARN_NON_LITERAL_NULL_CONVERSION = YES;
				CLANG_WARN_OBJC_IMPLICIT_RETAIN_SELF = YES;
				CLANG_WARN_OBJC_LITERAL_CONVERSION = YES;
				CLANG_WARN_OBJC_ROOT_CLASS = YES_ERROR;
				CLANG_WARN_QUOTED_INCLUDE_IN_FRAMEWORK_HEADER = YES;
				CLANG_WARN_RANGE_LOOP_ANALYSIS = YES;
				CLANG_WARN_STRICT_PROTOTYPES = YES;
				CLANG_WARN_SUSPICIOUS_MOVE = YES;
				CLANG_WARN_UNGUARDED_AVAILABILITY = YES_AGGRESSIVE;
				CLANG_WARN_UNREACHABLE_CODE = YES;
				CLANG_WARN__DUPLICATE_METHOD_MATCH = YES;
				COPY_PHASE_STRIP = NO;
				DEBUG_INFORMATION_FORMAT = dwarf;
				DEVELOPMENT_TEAM = E3BNAMEWTS;
				ENABLE_STRICT_OBJC_MSGSEND = YES;
				ENABLE_TESTABILITY = YES;
				ENABLE_USER_SCRIPT_SANDBOXING = YES;
				GCC_C_LANGUAGE_STANDARD = gnu17;
				GCC_DYNAMIC_NO_PIC = NO;
				GCC_NO_COMMON_BLOCKS = YES;
				GCC_OPTIMIZATION_LEVEL = 0;
				GCC_PREPROCESSOR_DEFINITIONS = (
					"DEBUG=1",
					"$(inherited)",
				);
				GCC_WARN_64_TO_32_BIT_CONVERSION = YES;
				GCC_WARN_ABOUT_RETURN_TYPE = YES_ERROR;
				GCC_WARN_UNDECLARED_SELECTOR = YES;
				GCC_WARN_UNINITIALIZED_AUTOS = YES_AGGRESSIVE;
				GCC_WARN_UNUSED_FUNCTION = YES;
				GCC_WARN_UNUSED_VARIABLE = YES;
				IPHONEOS_DEPLOYMENT_TARGET = 17.4;
				LOCALIZATION_PREFERS_STRING_CATALOGS = YES;
				MTL_ENABLE_DEBUG_INFO = INCLUDE_SOURCE;
				MTL_FAST_MATH = YES;
				ONLY_ACTIVE_ARCH = YES;
				SDKROOT = iphoneos;
				STRING_CATALOG_GENERATE_SYMBOLS = YES;
				SWIFT_ACTIVE_COMPILATION_CONDITIONS = "DEBUG $(inherited)";
				SWIFT_OPTIMIZATION_LEVEL = "-Onone";
			};
			name = Debug;
		};
		D5F153492BC4F47E0059AACE /* Release */ = {
			isa = XCBuildConfiguration;
			buildSettings = {
				ALWAYS_SEARCH_USER_PATHS = NO;
				ASSETCATALOG_COMPILER_GENERATE_SWIFT_ASSET_SYMBOL_EXTENSIONS = YES;
				CLANG_ANALYZER_NONNULL = YES;
				CLANG_ANALYZER_NUMBER_OBJECT_CONVERSION = YES_AGGRESSIVE;
				CLANG_CXX_LANGUAGE_STANDARD = "gnu++20";
				CLANG_ENABLE_MODULES = YES;
				CLANG_ENABLE_OBJC_ARC = YES;
				CLANG_ENABLE_OBJC_WEAK = YES;
				CLANG_WARN_BLOCK_CAPTURE_AUTORELEASING = YES;
				CLANG_WARN_BOOL_CONVERSION = YES;
				CLANG_WARN_COMMA = YES;
				CLANG_WARN_CONSTANT_CONVERSION = YES;
				CLANG_WARN_DEPRECATED_OBJC_IMPLEMENTATIONS = YES;
				CLANG_WARN_DIRECT_OBJC_ISA_USAGE = YES_ERROR;
				CLANG_WARN_DOCUMENTATION_COMMENTS = YES;
				CLANG_WARN_EMPTY_BODY = YES;
				CLANG_WARN_ENUM_CONVERSION = YES;
				CLANG_WARN_INFINITE_RECURSION = YES;
				CLANG_WARN_INT_CONVERSION = YES;
				CLANG_WARN_NON_LITERAL_NULL_CONVERSION = YES;
				CLANG_WARN_OBJC_IMPLICIT_RETAIN_SELF = YES;
				CLANG_WARN_OBJC_LITERAL_CONVERSION = YES;
				CLANG_WARN_OBJC_ROOT_CLASS = YES_ERROR;
				CLANG_WARN_QUOTED_INCLUDE_IN_FRAMEWORK_HEADER = YES;
				CLANG_WARN_RANGE_LOOP_ANALYSIS = YES;
				CLANG_WARN_STRICT_PROTOTYPES = YES;
				CLANG_WARN_SUSPICIOUS_MOVE = YES;
				CLANG_WARN_UNGUARDED_AVAILABILITY = YES_AGGRESSIVE;
				CLANG_WARN_UNREACHABLE_CODE = YES;
				CLANG_WARN__DUPLICATE_METHOD_MATCH = YES;
				COPY_PHASE_STRIP = NO;
				DEBUG_INFORMATION_FORMAT = "dwarf-with-dsym";
				DEVELOPMENT_TEAM = E3BNAMEWTS;
				ENABLE_NS_ASSERTIONS = NO;
				ENABLE_STRICT_OBJC_MSGSEND = YES;
				ENABLE_USER_SCRIPT_SANDBOXING = YES;
				GCC_C_LANGUAGE_STANDARD = gnu17;
				GCC_NO_COMMON_BLOCKS = YES;
				GCC_WARN_64_TO_32_BIT_CONVERSION = YES;
				GCC_WARN_ABOUT_RETURN_TYPE = YES_ERROR;
				GCC_WARN_UNDECLARED_SELECTOR = YES;
				GCC_WARN_UNINITIALIZED_AUTOS = YES_AGGRESSIVE;
				GCC_WARN_UNUSED_FUNCTION = YES;
				GCC_WARN_UNUSED_VARIABLE = YES;
				IPHONEOS_DEPLOYMENT_TARGET = 17.4;
				LOCALIZATION_PREFERS_STRING_CATALOGS = YES;
				MTL_ENABLE_DEBUG_INFO = NO;
				MTL_FAST_MATH = YES;
				SDKROOT = iphoneos;
				STRING_CATALOG_GENERATE_SYMBOLS = YES;
				SWIFT_COMPILATION_MODE = wholemodule;
				VALIDATE_PRODUCT = YES;
			};
			name = Release;
		};
		D5F1534B2BC4F47E0059AACE /* Debug */ = {
			isa = XCBuildConfiguration;
			buildSettings = {
				ASSETCATALOG_COMPILER_APPICON_NAME = AppIcon;
				ASSETCATALOG_COMPILER_GLOBAL_ACCENT_COLOR_NAME = AccentColor;
				CODE_SIGN_STYLE = Automatic;
				CURRENT_PROJECT_VERSION = 1;
				DEVELOPMENT_ASSET_PATHS = "\"Haptiq/Preview Content\"";
				ENABLE_PREVIEWS = YES;
				GENERATE_INFOPLIST_FILE = YES;
				INFOPLIST_KEY_UIApplicationSceneManifest_Generation = YES;
				INFOPLIST_KEY_UIApplicationSupportsIndirectInputEvents = YES;
				INFOPLIST_KEY_UILaunchScreen_Generation = YES;
				INFOPLIST_KEY_UISupportedInterfaceOrientations_iPad = "UIInterfaceOrientationPortrait UIInterfaceOrientationPortraitUpsideDown UIInterfaceOrientationLandscapeLeft UIInterfaceOrientationLandscapeRight";
				INFOPLIST_KEY_UISupportedInterfaceOrientations_iPhone = "UIInterfaceOrientationPortrait UIInterfaceOrientationLandscapeLeft UIInterfaceOrientationLandscapeRight";
				IPHONEOS_DEPLOYMENT_TARGET = 17;
				LD_RUNPATH_SEARCH_PATHS = (
					"$(inherited)",
					"@executable_path/Frameworks",
				);
				MARKETING_VERSION = 1.0;
				PRODUCT_BUNDLE_IDENTIFIER = me.thisisthefoxe.Haptiq;
				PRODUCT_NAME = "$(TARGET_NAME)";
				SWIFT_EMIT_LOC_STRINGS = YES;
				SWIFT_VERSION = 5.0;
				TARGETED_DEVICE_FAMILY = "1,2";
			};
			name = Debug;
		};
		D5F1534C2BC4F47E0059AACE /* Release */ = {
			isa = XCBuildConfiguration;
			buildSettings = {
				ASSETCATALOG_COMPILER_APPICON_NAME = AppIcon;
				ASSETCATALOG_COMPILER_GLOBAL_ACCENT_COLOR_NAME = AccentColor;
				CODE_SIGN_STYLE = Automatic;
				CURRENT_PROJECT_VERSION = 1;
				DEVELOPMENT_ASSET_PATHS = "\"Haptiq/Preview Content\"";
				ENABLE_PREVIEWS = YES;
				GENERATE_INFOPLIST_FILE = YES;
				INFOPLIST_KEY_UIApplicationSceneManifest_Generation = YES;
				INFOPLIST_KEY_UIApplicationSupportsIndirectInputEvents = YES;
				INFOPLIST_KEY_UILaunchScreen_Generation = YES;
				INFOPLIST_KEY_UISupportedInterfaceOrientations_iPad = "UIInterfaceOrientationPortrait UIInterfaceOrientationPortraitUpsideDown UIInterfaceOrientationLandscapeLeft UIInterfaceOrientationLandscapeRight";
				INFOPLIST_KEY_UISupportedInterfaceOrientations_iPhone = "UIInterfaceOrientationPortrait UIInterfaceOrientationLandscapeLeft UIInterfaceOrientationLandscapeRight";
				IPHONEOS_DEPLOYMENT_TARGET = 17;
				LD_RUNPATH_SEARCH_PATHS = (
					"$(inherited)",
					"@executable_path/Frameworks",
				);
				MARKETING_VERSION = 1.0;
				PRODUCT_BUNDLE_IDENTIFIER = me.thisisthefoxe.Haptiq;
				PRODUCT_NAME = "$(TARGET_NAME)";
				SWIFT_EMIT_LOC_STRINGS = YES;
				SWIFT_VERSION = 5.0;
				TARGETED_DEVICE_FAMILY = "1,2";
			};
			name = Release;
		};
/* End XCBuildConfiguration section */

/* Begin XCConfigurationList section */
		D5F153372BC4F47B0059AACE /* Build configuration list for PBXProject "Haptiq" */ = {
			isa = XCConfigurationList;
			buildConfigurations = (
				D5F153482BC4F47E0059AACE /* Debug */,
				D5F153492BC4F47E0059AACE /* Release */,
			);
			defaultConfigurationIsVisible = 0;
			defaultConfigurationName = Release;
		};
		D5F1534A2BC4F47E0059AACE /* Build configuration list for PBXNativeTarget "Haptiq" */ = {
			isa = XCConfigurationList;
			buildConfigurations = (
				D5F1534B2BC4F47E0059AACE /* Debug */,
				D5F1534C2BC4F47E0059AACE /* Release */,
			);
			defaultConfigurationIsVisible = 0;
			defaultConfigurationName = Release;
		};
/* End XCConfigurationList section */
	};
	rootObject = D5F153342BC4F47B0059AACE /* Project object */;
}
